
Microsoft Visual Studio Solution File, Format Version 12.00
# Visual Studio Version 17
VisualStudioVersion = 17.5.002.0
MinimumVisualStudioVersion = 10.0.40219.1
Project("{9A19103F-16F7-4668-BE54-9A1E7A4F7556}") = "AlgorithmVisualiser.Web", "AlgorithmVisualiser.Web\AlgorithmVisualiser.Web.csproj", "{77E8F4FB-3923-4F2B-B1AC-73111AF39562}"
EndProject
Project("{FAE04EC0-301F-11D3-BF4B-00C04F79EFBC}") = "AlgorithmVisualiser.Web.Tests", "AlgorithmVisualiser.Web.Tests\AlgorithmVisualiser.Web.Tests.csproj", "{7433454C-37F9-4B57-9727-6E02193CAEC9}"
EndProject
Global
	GlobalSection(SolutionConfigurationPlatforms) = preSolution
		Debug|Any CPU = Debug|Any CPU
		Release|Any CPU = Release|Any CPU
	EndGlobalSection
	GlobalSection(ProjectConfigurationPlatforms) = postSolution
		{77E8F4FB-3923-4F2B-B1AC-73111AF39562}.Debug|Any CPU.ActiveCfg = Debug|Any CPU
		{77E8F4FB-3923-4F2B-B1AC-73111AF39562}.Debug|Any CPU.Build.0 = Debug|Any CPU
		{77E8F4FB-3923-4F2B-B1AC-73111AF39562}.Release|Any CPU.ActiveCfg = Release|Any CPU
		{77E8F4FB-3923-4F2B-B1AC-73111AF39562}.Release|Any CPU.Build.0 = Release|Any CPU
		{7433454C-37F9-4B57-9727-6E02193CAEC9}.Debug|Any CPU.ActiveCfg = Debug|Any CPU
		{7433454C-37F9-4B57-9727-6E02193CAEC9}.Debug|Any CPU.Build.0 = Debug|Any CPU
		{7433454C-37F9-4B57-9727-6E02193CAEC9}.Release|Any CPU.ActiveCfg = Release|Any CPU
		{7433454C-37F9-4B57-9727-6E02193CAEC9}.Release|Any CPU.Build.0 = Release|Any CPU
	EndGlobalSection
	GlobalSection(SolutionProperties) = preSolution
		HideSolutionNode = FALSE
	EndGlobalSection
	GlobalSection(ExtensibilityGlobals) = postSolution
		SolutionGuid = {E0A32697-CF29-459A-84D3-C94A857A2545}
	EndGlobalSection
EndGlobal
